<Solution>
  <Folder Name="/Solution Items/">
    <File Path=".editorconfig" />
  </Folder>
  <Project Path="ConsoleApp.ConditionsAndDecisions/ConsoleApp.ConditionsAndDecisions.csproj" Id="4dffa35e-bb0e-4a3f-b107-5008da7e2e58" />
  <Project Path="ConsoleApp.Operators/ConsoleApp.Operators.csproj" Id="3fc47894-15b6-4e20-af3e-4230d21b4c9e" />
  <Project Path="ConsoleApp.OutputDemo/ConsoleApp.OutputDemo.csproj" />
  <Project Path="ConsoleApp.SampleCalculator/ConsoleApp.SampleCalculator.csproj" Id="47ee773b-adc3-4d1d-80a0-41f6d2c550a9" />
  <Project Path="ConsoleApp.UserInputDemo/ConsoleApp.UserInputDemo.csproj" />
  <Project Path="ConsoleApp.VariablesDemo/ConsoleApp.VariablesDemo.csproj" />
</Solution>
